
Microsoft Visual Studio Solution File, Format Version 12.00
# Visual Studio Version 17
VisualStudioVersion = 17.14.36511.14
MinimumVisualStudioVersion = 10.0.40219.1
Project("{2150E333-8FDC-42A3-9474-1A3956D46DE8}") = "Services", "Services", "{02EA681E-C7D8-13C7-8484-4AC65E1B71E8}"
EndProject
Project("{2150E333-8FDC-42A3-9474-1A3956D46DE8}") = "Catalog", "Catalog", "{843533D1-3729-491D-AD57-3C5F1D89D67B}"
	ProjectSection(SolutionItems) = preProject
		src\Services\Catalog\Catalog.API\Dockerfile = src\Services\Catalog\Catalog.API\Dockerfile
		src\Services\Catalog\Catalog.API\Dockerfile.original = src\Services\Catalog\Catalog.API\Dockerfile.original
	EndProjectSection
EndProject
Project("{FAE04EC0-301F-11D3-BF4B-00C04F79EFBC}") = "Catalog.API", "src\Services\Catalog\Catalog.API\Catalog.API.csproj", "{31417B15-23B9-4681-8BF2-97BE0A2E10D7}"
EndProject
Project("{2150E333-8FDC-42A3-9474-1A3956D46DE8}") = "BuildingBlocks", "BuildingBlocks", "{A48BC0F4-4841-4CA5-8728-9C118D3B56E5}"
EndProject
Project("{FAE04EC0-301F-11D3-BF4B-00C04F79EFBC}") = "BuildingBlocks", "src\BuildingBlocks\BuildingBlocks\BuildingBlocks.csproj", "{0C90ECAB-88FB-4EFC-8E60-CABCC16A8FD5}"
EndProject
Project("{E53339B2-1760-4266-BCC7-CA923CBCF16C}") = "docker-compose", "docker-compose.dcproj", "{81DDED9D-158B-E303-5F62-77A2896D2A5A}"
EndProject
Project("{2150E333-8FDC-42A3-9474-1A3956D46DE8}") = "Basket", "Basket", "{5BE164AA-7A1B-440C-8EC9-DC35C385573F}"
EndProject
Project("{FAE04EC0-301F-11D3-BF4B-00C04F79EFBC}") = "Basket.API", "src\Services\Basket\Basket.API\Basket.API.csproj", "{C813237D-33B5-416B-809F-5DC7C68E5FC7}"
EndProject
Project("{2150E333-8FDC-42A3-9474-1A3956D46DE8}") = "Discount", "Discount", "{097EF1F2-0252-4A41-A1E2-6308D65E65D4}"
EndProject
Project("{FAE04EC0-301F-11D3-BF4B-00C04F79EFBC}") = "Discount.gRPC", "src\Services\Discount\Discount.gRPC\Discount.gRPC.csproj", "{D547586F-5CA2-48CA-B289-B10156599B7A}"
EndProject
Project("{2150E333-8FDC-42A3-9474-1A3956D46DE8}") = "Ordering", "Ordering", "{C322F372-254E-4034-83E6-28ADEA2CF8B3}"
EndProject
Project("{FAE04EC0-301F-11D3-BF4B-00C04F79EFBC}") = "Ordering.API", "src\Services\Ordering\Ordering.API\Ordering.API.csproj", "{5CCC4794-FEFE-4989-9B10-BD932DD8E765}"
EndProject
Project("{FAE04EC0-301F-11D3-BF4B-00C04F79EFBC}") = "Ordering.Domain", "src\Services\Ordering\Ordering.Domain\Ordering.Domain.csproj", "{6EA4642E-BF64-47A5-B3C6-6F830961CDC8}"
EndProject
Project("{FAE04EC0-301F-11D3-BF4B-00C04F79EFBC}") = "Ordering.Application", "src\Services\Ordering\Ordering.Application\Ordering.Application.csproj", "{C75801BA-31E0-468D-90A4-4B9AA80B231E}"
EndProject
Project("{FAE04EC0-301F-11D3-BF4B-00C04F79EFBC}") = "Ordering.Infrastructure", "src\Services\Ordering\Ordering.Infrastructure\Ordering.Infrastructure.csproj", "{423A60FB-8D56-431F-B6B7-94B4B56903ED}"
EndProject
Project("{FAE04EC0-301F-11D3-BF4B-00C04F79EFBC}") = "BuildingBlocks.Messaging", "src\BuildingBlocks\BuildingBlocks.Messaging\BuildingBlocks.Messaging.csproj", "{D2ED59E2-969D-4234-B480-F5D2BECCCF3C}"
EndProject
Project("{2150E333-8FDC-42A3-9474-1A3956D46DE8}") = "APIGateway", "APIGateway", "{E4BFD465-1E1D-4A16-A7B0-0B57BFE223CC}"
EndProject
Project("{FAE04EC0-301F-11D3-BF4B-00C04F79EFBC}") = "YarpAPIGateway", "src\APIGateway\YarpAPIGateway\YarpAPIGateway.csproj", "{494BA6D9-8684-4BED-ADCF-5700C14C688A}"
EndProject
Global
	GlobalSection(SolutionConfigurationPlatforms) = preSolution
		Debug|Any CPU = Debug|Any CPU
		Release|Any CPU = Release|Any CPU
	EndGlobalSection
	GlobalSection(ProjectConfigurationPlatforms) = postSolution
		{31417B15-23B9-4681-8BF2-97BE0A2E10D7}.Debug|Any CPU.ActiveCfg = Debug|Any CPU
		{31417B15-23B9-4681-8BF2-97BE0A2E10D7}.Debug|Any CPU.Build.0 = Debug|Any CPU
		{31417B15-23B9-4681-8BF2-97BE0A2E10D7}.Release|Any CPU.ActiveCfg = Release|Any CPU
		{31417B15-23B9-4681-8BF2-97BE0A2E10D7}.Release|Any CPU.Build.0 = Release|Any CPU
		{0C90ECAB-88FB-4EFC-8E60-CABCC16A8FD5}.Debug|Any CPU.ActiveCfg = Debug|Any CPU
		{0C90ECAB-88FB-4EFC-8E60-CABCC16A8FD5}.Debug|Any CPU.Build.0 = Debug|Any CPU
		{0C90ECAB-88FB-4EFC-8E60-CABCC16A8FD5}.Release|Any CPU.ActiveCfg = Release|Any CPU
		{0C90ECAB-88FB-4EFC-8E60-CABCC16A8FD5}.Release|Any CPU.Build.0 = Release|Any CPU
		{81DDED9D-158B-E303-5F62-77A2896D2A5A}.Debug|Any CPU.ActiveCfg = Debug|Any CPU
		{81DDED9D-158B-E303-5F62-77A2896D2A5A}.Debug|Any CPU.Build.0 = Debug|Any CPU
		{81DDED9D-158B-E303-5F62-77A2896D2A5A}.Release|Any CPU.ActiveCfg = Release|Any CPU
		{81DDED9D-158B-E303-5F62-77A2896D2A5A}.Release|Any CPU.Build.0 = Release|Any CPU
		{C813237D-33B5-416B-809F-5DC7C68E5FC7}.Debug|Any CPU.ActiveCfg = Debug|Any CPU
		{C813237D-33B5-416B-809F-5DC7C68E5FC7}.Debug|Any CPU.Build.0 = Debug|Any CPU
		{C813237D-33B5-416B-809F-5DC7C68E5FC7}.Release|Any CPU.ActiveCfg = Release|Any CPU
		{C813237D-33B5-416B-809F-5DC7C68E5FC7}.Release|Any CPU.Build.0 = Release|Any CPU
		{D547586F-5CA2-48CA-B289-B10156599B7A}.Debug|Any CPU.ActiveCfg = Debug|Any CPU
		{D547586F-5CA2-48CA-B289-B10156599B7A}.Debug|Any CPU.Build.0 = Debug|Any CPU
		{D547586F-5CA2-48CA-B289-B10156599B7A}.Release|Any CPU.ActiveCfg = Release|Any CPU
		{D547586F-5CA2-48CA-B289-B10156599B7A}.Release|Any CPU.Build.0 = Release|Any CPU
		{5CCC4794-FEFE-4989-9B10-BD932DD8E765}.Debug|Any CPU.ActiveCfg = Debug|Any CPU
		{5CCC4794-FEFE-4989-9B10-BD932DD8E765}.Debug|Any CPU.Build.0 = Debug|Any CPU
		{5CCC4794-FEFE-4989-9B10-BD932DD8E765}.Release|Any CPU.ActiveCfg = Release|Any CPU
		{5CCC4794-FEFE-4989-9B10-BD932DD8E765}.Release|Any CPU.Build.0 = Release|Any CPU
		{6EA4642E-BF64-47A5-B3C6-6F830961CDC8}.Debug|Any CPU.ActiveCfg = Debug|Any CPU
		{6EA4642E-BF64-47A5-B3C6-6F830961CDC8}.Debug|Any CPU.Build.0 = Debug|Any CPU
		{6EA4642E-BF64-47A5-B3C6-6F830961CDC8}.Release|Any CPU.ActiveCfg = Release|Any CPU
		{6EA4642E-BF64-47A5-B3C6-6F830961CDC8}.Release|Any CPU.Build.0 = Release|Any CPU
		{C75801BA-31E0-468D-90A4-4B9AA80B231E}.Debug|Any CPU.ActiveCfg = Debug|Any CPU
		{C75801BA-31E0-468D-90A4-4B9AA80B231E}.Debug|Any CPU.Build.0 = Debug|Any CPU
		{C75801BA-31E0-468D-90A4-4B9AA80B231E}.Release|Any CPU.ActiveCfg = Release|Any CPU
		{C75801BA-31E0-468D-90A4-4B9AA80B231E}.Release|Any CPU.Build.0 = Release|Any CPU
		{423A60FB-8D56-431F-B6B7-94B4B56903ED}.Debug|Any CPU.ActiveCfg = Debug|Any CPU
		{423A60FB-8D56-431F-B6B7-94B4B56903ED}.Debug|Any CPU.Build.0 = Debug|Any CPU
		{423A60FB-8D56-431F-B6B7-94B4B56903ED}.Release|Any CPU.ActiveCfg = Release|Any CPU
		{423A60FB-8D56-431F-B6B7-94B4B56903ED}.Release|Any CPU.Build.0 = Release|Any CPU
		{D2ED59E2-969D-4234-B480-F5D2BECCCF3C}.Debug|Any CPU.ActiveCfg = Debug|Any CPU
		{D2ED59E2-969D-4234-B480-F5D2BECCCF3C}.Debug|Any CPU.Build.0 = Debug|Any CPU
		{D2ED59E2-969D-4234-B480-F5D2BECCCF3C}.Release|Any CPU.ActiveCfg = Release|Any CPU
		{D2ED59E2-969D-4234-B480-F5D2BECCCF3C}.Release|Any CPU.Build.0 = Release|Any CPU
		{494BA6D9-8684-4BED-ADCF-5700C14C688A}.Debug|Any CPU.ActiveCfg = Debug|Any CPU
		{494BA6D9-8684-4BED-ADCF-5700C14C688A}.Debug|Any CPU.Build.0 = Debug|Any CPU
		{494BA6D9-8684-4BED-ADCF-5700C14C688A}.Release|Any CPU.ActiveCfg = Release|Any CPU
		{494BA6D9-8684-4BED-ADCF-5700C14C688A}.Release|Any CPU.Build.0 = Release|Any CPU
	EndGlobalSection
	GlobalSection(SolutionProperties) = preSolution
		HideSolutionNode = FALSE
	EndGlobalSection
	GlobalSection(NestedProjects) = preSolution
		{843533D1-3729-491D-AD57-3C5F1D89D67B} = {02EA681E-C7D8-13C7-8484-4AC65E1B71E8}
		{31417B15-23B9-4681-8BF2-97BE0A2E10D7} = {843533D1-3729-491D-AD57-3C5F1D89D67B}
		{0C90ECAB-88FB-4EFC-8E60-CABCC16A8FD5} = {A48BC0F4-4841-4CA5-8728-9C118D3B56E5}
		{5BE164AA-7A1B-440C-8EC9-DC35C385573F} = {02EA681E-C7D8-13C7-8484-4AC65E1B71E8}
		{C813237D-33B5-416B-809F-5DC7C68E5FC7} = {5BE164AA-7A1B-440C-8EC9-DC35C385573F}
		{097EF1F2-0252-4A41-A1E2-6308D65E65D4} = {02EA681E-C7D8-13C7-8484-4AC65E1B71E8}
		{D547586F-5CA2-48CA-B289-B10156599B7A} = {097EF1F2-0252-4A41-A1E2-6308D65E65D4}
		{C322F372-254E-4034-83E6-28ADEA2CF8B3} = {02EA681E-C7D8-13C7-8484-4AC65E1B71E8}
		{5CCC4794-FEFE-4989-9B10-BD932DD8E765} = {C322F372-254E-4034-83E6-28ADEA2CF8B3}
		{6EA4642E-BF64-47A5-B3C6-6F830961CDC8} = {C322F372-254E-4034-83E6-28ADEA2CF8B3}
		{C75801BA-31E0-468D-90A4-4B9AA80B231E} = {C322F372-254E-4034-83E6-28ADEA2CF8B3}
		{423A60FB-8D56-431F-B6B7-94B4B56903ED} = {C322F372-254E-4034-83E6-28ADEA2CF8B3}
		{D2ED59E2-969D-4234-B480-F5D2BECCCF3C} = {A48BC0F4-4841-4CA5-8728-9C118D3B56E5}
		{494BA6D9-8684-4BED-ADCF-5700C14C688A} = {E4BFD465-1E1D-4A16-A7B0-0B57BFE223CC}
	EndGlobalSection
	GlobalSection(ExtensibilityGlobals) = postSolution
		SolutionGuid = {541B2DAD-4F70-495C-9CC9-8A920DDC34B5}
	EndGlobalSection
EndGlobal
